# This file is automatically @generated by Cargo.
# It is not intended for manual editing.
version = 3

[[package]]
name = "either"
version = "1.6.1"
source = "registry+https://github.com/rust-lang/crates.io-index"
checksum = "e78d4f1cc4ae33bbfc157ed5d5a5ef3bc29227303d595861deb238fcec4e9457"

[[package]]
name = "glob"
version = "0.3.0"
source = "registry+https://github.com/rust-lang/crates.io-index"
checksum = "9b919933a397b79c37e33b77bb2aa3dc8eb6e165ad809e58ff75bc7db2e34574"

[[package]]
name = "itertools"
version = "0.8.2"
source = "registry+https://github.com/rust-lang/crates.io-index"
checksum = "f56a2d0bc861f9165be4eb3442afd3c236d8a98afd426f65d92324ae1091a484"
dependencies = [
 "either",
]

[[package]]
name = "pandoc"
version = "0.8.4"
source = "registry+https://github.com/rust-lang/crates.io-index"
checksum = "84060e442eb742cdba4038302c9924aecd67434073b9785dd9a6cec8a3f4065a"
dependencies = [
 "itertools",
]

[[package]]
name = "skilltree-docs"
version = "0.1.0"
dependencies = [
 "glob",
 "pandoc",
]
