# This file is automatically @generated by Cargo.
# It is not intended for manual editing.
[[package]]
name = "skilltree-tree"
version = "0.1.0"
dependencies = [
 "svg",
]

[[package]]
name = "svg"
version = "0.9.0"
source = "registry+https://github.com/rust-lang/crates.io-index"
checksum = "dcbef9cf3cf75dd7772fb1f40dd6d90278a5263454db94ee399500ee9918aaa7"
